# THIS IS AN AUTOGENERATED FILE. DO NOT EDIT THIS FILE DIRECTLY.
# yarn lockfile v1


"@neodrag/svelte@^1.2.3":
  version "1.2.3"
  resolved "https://registry.yarnpkg.com/@neodrag/svelte/-/svelte-1.2.3.tgz#e61668b7c9036e091612d9d546f63445e95b1ac4"
  integrity sha512-+OMidMflSWLxPq0m0xyEozaqq5MPzFukZo6cEx4Hp/inHmuHjbDMfUkGDd/g+MpVFgzkqPDGrTS6JnXVGA2d9Q==
